// !$*UTF8*$!
{
	archiveVersion = 1;
	classes = {
	};
	objectVersion = 50;
	objects = {

/* Begin PBXBuildFile section */
		5314E20E260C09CC0035DA15 /* missions.json in Resources */ = {isa = PBXBuildFile; fileRef = 5314E20C260C09CC0035DA15 /* missions.json */; };
		5314E20F260C09CC0035DA15 /* missions.json in Resources */ = {isa = PBXBuildFile; fileRef = 5314E20C260C09CC0035DA15 /* missions.json */; };
		5314E210260C09CC0035DA15 /* astronauts.json in Resources */ = {isa = PBXBuildFile; fileRef = 5314E20D260C09CC0035DA15 /* astronauts.json */; };
		5314E211260C09CC0035DA15 /* astronauts.json in Resources */ = {isa = PBXBuildFile; fileRef = 5314E20D260C09CC0035DA15 /* astronauts.json */; };
		5314E215260C0A1B0035DA15 /* astronaut.swift in Sources */ = {isa = PBXBuildFile; fileRef = 5314E214260C0A1B0035DA15 /* astronaut.swift */; };
		5314E216260C0A1B0035DA15 /* astronaut.swift in Sources */ = {isa = PBXBuildFile; fileRef = 5314E214260C0A1B0035DA15 /* astronaut.swift */; };
		5314E21A260C0A5B0035DA15 /* Bundle.Decodable.swift in Sources */ = {isa = PBXBuildFile; fileRef = 5314E219260C0A5B0035DA15 /* Bundle.Decodable.swift */; };
		5314E21B260C0A5B0035DA15 /* Bundle.Decodable.swift in Sources */ = {isa = PBXBuildFile; fileRef = 5314E219260C0A5B0035DA15 /* Bundle.Decodable.swift */; };
		53C19DEC26001D0200E6656C /* MoonshotApp.swift in Sources */ = {isa = PBXBuildFile; fileRef = 53C19DD926001D0100E6656C /* MoonshotApp.swift */; };
		53C19DED26001D0200E6656C /* MoonshotApp.swift in Sources */ = {isa = PBXBuildFile; fileRef = 53C19DD926001D0100E6656C /* MoonshotApp.swift */; };
		53C19DEE26001D0200E6656C /* ContentView.swift in Sources */ = {isa = PBXBuildFile; fileRef = 53C19DDA26001D0100E6656C /* ContentView.swift */; };
		53C19DEF26001D0200E6656C /* ContentView.swift in Sources */ = {isa = PBXBuildFile; fileRef = 53C19DDA26001D0100E6656C /* ContentView.swift */; };
		53C19DF026001D0200E6656C /* Assets.xcassets in Resources */ = {isa = PBXBuildFile; fileRef = 53C19DDB26001D0200E6656C /* Assets.xcassets */; };
		53C19DF126001D0200E6656C /* Assets.xcassets in Resources */ = {isa = PBXBuildFile; fileRef = 53C19DDB26001D0200E6656C /* Assets.xcassets */; };
/* End PBXBuildFile section */

/* Begin PBXFileReference section */
		5314E20C260C09CC0035DA15 /* missions.json */ = {isa = PBXFileReference; fileEncoding = 4; lastKnownFileType = text.json; name = missions.json; path = "../../../My Mac (Eriks-Mac-mini.local)/Downloads/HackingWithSwift-main/SwiftUI/project8-files/missions.json"; sourceTree = "<group>"; };
		5314E20D260C09CC0035DA15 /* astronauts.json */ = {isa = PBXFileReference; fileEncoding = 4; lastKnownFileType = text.json; name = astronauts.json; path = "../../../My Mac (Eriks-Mac-mini.local)/Downloads/HackingWithSwift-main/SwiftUI/project8-files/astronauts.json"; sourceTree = "<group>"; };
		5314E214260C0A1B0035DA15 /* astronaut.swift */ = {isa = PBXFileReference; lastKnownFileType = sourcecode.swift; path = astronaut.swift; sourceTree = "<group>"; };
		5314E219260C0A5B0035DA15 /* Bundle.Decodable.swift */ = {isa = PBXFileReference; lastKnownFileType = sourcecode.swift; path = Bundle.Decodable.swift; sourceTree = "<group>"; };
		53C19DD926001D0100E6656C /* MoonshotApp.swift */ = {isa = PBXFileReference; lastKnownFileType = sourcecode.swift; path = MoonshotApp.swift; sourceTree = "<group>"; };
		53C19DDA26001D0100E6656C /* ContentView.swift */ = {isa = PBXFileReference; lastKnownFileType = sourcecode.swift; path = ContentView.swift; sourceTree = "<group>"; };
		53C19DDB26001D0200E6656C /* Assets.xcassets */ = {isa = PBXFileReference; lastKnownFileType = folder.assetcatalog; path = Assets.xcassets; sourceTree = "<group>"; };
		53C19DE026001D0200E6656C /* Moonshot.app */ = {isa = PBXFileReference; explicitFileType = wrapper.application; includeInIndex = 0; path = Moonshot.app; sourceTree = BUILT_PRODUCTS_DIR; };
		53C19DE326001D0200E6656C /* Info.plist */ = {isa = PBXFileReference; lastKnownFileType = text.plist.xml; path = Info.plist; sourceTree = "<group>"; };
		53C19DE826001D0200E6656C /* Moonshot.app */ = {isa = PBXFileReference; explicitFileType = wrapper.application; includeInIndex = 0; path = Moonshot.app; sourceTree = BUILT_PRODUCTS_DIR; };
		53C19DEA26001D0200E6656C /* Info.plist */ = {isa = PBXFileReference; lastKnownFileType = text.plist.xml; path = Info.plist; sourceTree = "<group>"; };
		53C19DEB26001D0200E6656C /* macOS.entitlements */ = {isa = PBXFileReference; lastKnownFileType = text.plist.entitlements; path = macOS.entitlements; sourceTree = "<group>"; };
/* End PBXFileReference section */

/* Begin PBXFrameworksBuildPhase section */
		53C19DDD26001D0200E6656C /* Frameworks */ = {
			isa = PBXFrameworksBuildPhase;
			buildActionMask = 2147483647;
			files = (
			);
			runOnlyForDeploymentPostprocessing = 0;
		};
		53C19DE526001D0200E6656C /* Frameworks */ = {
			isa = PBXFrameworksBuildPhase;
			buildActionMask = 2147483647;
			files = (
			);
			runOnlyForDeploymentPostprocessing = 0;
		};
/* End PBXFrameworksBuildPhase section */

/* Begin PBXGroup section */
		53C19DD326001D0100E6656C = {
			isa = PBXGroup;
			children = (
				53C19DD826001D0100E6656C /* Shared */,
				53C19DE226001D0200E6656C /* iOS */,
				53C19DE926001D0200E6656C /* macOS */,
				53C19DE126001D0200E6656C /* Products */,
			);
			sourceTree = "<group>";
		};
		53C19DD826001D0100E6656C /* Shared */ = {
			isa = PBXGroup;
			children = (
				5314E20D260C09CC0035DA15 /* astronauts.json */,
				5314E20C260C09CC0035DA15 /* missions.json */,
				53C19DD926001D0100E6656C /* MoonshotApp.swift */,
				53C19DDA26001D0100E6656C /* ContentView.swift */,
				53C19DDB26001D0200E6656C /* Assets.xcassets */,
				5314E214260C0A1B0035DA15 /* astronaut.swift */,
				5314E219260C0A5B0035DA15 /* Bundle.Decodable.swift */,
			);
			path = Shared;
			sourceTree = "<group>";
		};
		53C19DE126001D0200E6656C /* Products */ = {
			isa = PBXGroup;
			children = (
				53C19DE026001D0200E6656C /* Moonshot.app */,
				53C19DE826001D0200E6656C /* Moonshot.app */,
			);
			name = Products;
			sourceTree = "<group>";
		};
		53C19DE226001D0200E6656C /* iOS */ = {
			isa = PBXGroup;
			children = (
				53C19DE326001D0200E6656C /* Info.plist */,
			);
			path = iOS;
			sourceTree = "<group>";
		};
		53C19DE926001D0200E6656C /* macOS */ = {
			isa = PBXGroup;
			children = (
				53C19DEA26001D0200E6656C /* Info.plist */,
				53C19DEB26001D0200E6656C /* macOS.entitlements */,
			);
			path = macOS;
			sourceTree = "<group>";
		};
/* End PBXGroup section */

/* Begin PBXNativeTarget section */
		53C19DDF26001D0200E6656C /* Moonshot (iOS) */ = {
			isa = PBXNativeTarget;
			buildConfigurationList = 53C19DF426001D0200E6656C /* Build configuration list for PBXNativeTarget "Moonshot (iOS)" */;
			buildPhases = (
				53C19DDC26001D0200E6656C /* Sources */,
				53C19DDD26001D0200E6656C /* Frameworks */,
				53C19DDE26001D0200E6656C /* Resources */,
			);
			buildRules = (
			);
			dependencies = (
			);
			name = "Moonshot (iOS)";
			productName = "Moonshot (iOS)";
			productReference = 53C19DE026001D0200E6656C /* Moonshot.app */;
			productType = "com.apple.product-type.application";
		};
		53C19DE726001D0200E6656C /* Moonshot (macOS) */ = {
			isa = PBXNativeTarget;
			buildConfigurationList = 53C19DF726001D0200E6656C /* Build configuration list for PBXNativeTarget "Moonshot (macOS)" */;
			buildPhases = (
				53C19DE426001D0200E6656C /* Sources */,
				53C19DE526001D0200E6656C /* Frameworks */,
				53C19DE626001D0200E6656C /* Resources */,
			);
			buildRules = (
			);
			dependencies = (
			);
			name = "Moonshot (macOS)";
			productName = "Moonshot (macOS)";
			productReference = 53C19DE826001D0200E6656C /* Moonshot.app */;
			productType = "com.apple.product-type.application";
		};
/* End PBXNativeTarget section */

/* Begin PBXProject section */
		53C19DD426001D0100E6656C /* Project object */ = {
			isa = PBXProject;
			attributes = {
				LastSwiftUpdateCheck = 1240;
				LastUpgradeCheck = 1240;
				TargetAttributes = {
					53C19DDF26001D0200E6656C = {
						CreatedOnToolsVersion = 12.4;
					};
					53C19DE726001D0200E6656C = {
						CreatedOnToolsVersion = 12.4;
					};
				};
			};
			buildConfigurationList = 53C19DD726001D0100E6656C /* Build configuration list for PBXProject "Moonshot" */;
			compatibilityVersion = "Xcode 9.3";
			developmentRegion = en;
			hasScannedForEncodings = 0;
			knownRegions = (
				en,
				Base,
			);
			mainGroup = 53C19DD326001D0100E6656C;
			productRefGroup = 53C19DE126001D0200E6656C /* Products */;
			projectDirPath = "";
			projectRoot = "";
			targets = (
				53C19DDF26001D0200E6656C /* Moonshot (iOS) */,
				53C19DE726001D0200E6656C /* Moonshot (macOS) */,
			);
		};
/* End PBXProject section */

/* Begin PBXResourcesBuildPhase section */
		53C19DDE26001D0200E6656C /* Resources */ = {
			isa = PBXResourcesBuildPhase;
			buildActionMask = 2147483647;
			files = (
				5314E210260C09CC0035DA15 /* astronauts.json in Resources */,
				5314E20E260C09CC0035DA15 /* missions.json in Resources */,
				53C19DF026001D0200E6656C /* Assets.xcassets in Resources */,
			);
			runOnlyForDeploymentPostprocessing = 0;
		};
		53C19DE626001D0200E6656C /* Resources */ = {
			isa = PBXResourcesBuildPhase;
			buildActionMask = 2147483647;
			files = (
				5314E211260C09CC0035DA15 /* astronauts.json in Resources */,
				5314E20F260C09CC0035DA15 /* missions.json in Resources */,
				53C19DF126001D0200E6656C /* Assets.xcassets in Resources */,
			);
			runOnlyForDeploymentPostprocessing = 0;
		};
/* End PBXResourcesBuildPhase section */

/* Begin PBXSourcesBuildPhase section */
		53C19DDC26001D0200E6656C /* Sources */ = {
			isa = PBXSourcesBuildPhase;
			buildActionMask = 2147483647;
			files = (
				5314E21A260C0A5B0035DA15 /* Bundle.Decodable.swift in Sources */,
				5314E215260C0A1B0035DA15 /* astronaut.swift in Sources */,
				53C19DEE26001D0200E6656C /* ContentView.swift in Sources */,
				53C19DEC26001D0200E6656C /* MoonshotApp.swift in Sources */,
			);
			runOnlyForDeploymentPostprocessing = 0;
		};
		53C19DE426001D0200E6656C /* Sources */ = {
			isa = PBXSourcesBuildPhase;
			buildActionMask = 2147483647;
			files = (
				5314E21B260C0A5B0035DA15 /* Bundle.Decodable.swift in Sources */,
				5314E216260C0A1B0035DA15 /* astronaut.swift in Sources */,
				53C19DEF26001D0200E6656C /* ContentView.swift in Sources */,
				53C19DED26001D0200E6656C /* MoonshotApp.swift in Sources */,
			);
			runOnlyForDeploymentPostprocessing = 0;
		};
/* End PBXSourcesBuildPhase section */

/* Begin XCBuildConfiguration section */
		53C19DF226001D0200E6656C /* Debug */ = {
			isa = XCBuildConfiguration;
			buildSettings = {
				ALWAYS_SEARCH_USER_PATHS = NO;
				CLANG_ANALYZER_NONNULL = YES;
				CLANG_ANALYZER_NUMBER_OBJECT_CONVERSION = YES_AGGRESSIVE;
				CLANG_CXX_LANGUAGE_STANDARD = "gnu++14";
				CLANG_CXX_LIBRARY = "libc++";
				CLANG_ENABLE_MODULES = YES;
				CLANG_ENABLE_OBJC_ARC = YES;
				CLANG_ENABLE_OBJC_WEAK = YES;
				CLANG_WARN_BLOCK_CAPTURE_AUTORELEASING = YES;
				CLANG_WARN_BOOL_CONVERSION = YES;
				CLANG_WARN_COMMA = YES;
				CLANG_WARN_CONSTANT_CONVERSION = YES;
				CLANG_WARN_DEPRECATED_OBJC_IMPLEMENTATIONS = YES;
				CLANG_WARN_DIRECT_OBJC_ISA_USAGE = YES_ERROR;
				CLANG_WARN_DOCUMENTATION_COMMENTS = YES;
				CLANG_WARN_EMPTY_BODY = YES;
				CLANG_WARN_ENUM_CONVERSION = YES;
				CLANG_WARN_INFINITE_RECURSION = YES;
				CLANG_WARN_INT_CONVERSION = YES;
				CLANG_WARN_NON_LITERAL_NULL_CONVERSION = YES;
				CLANG_WARN_OBJC_IMPLICIT_RETAIN_SELF = YES;
				CLANG_WARN_OBJC_LITERAL_CONVERSION = YES;
				CLANG_WARN_OBJC_ROOT_CLASS = YES_ERROR;
				CLANG_WARN_QUOTED_INCLUDE_IN_FRAMEWORK_HEADER = YES;
				CLANG_WARN_RANGE_LOOP_ANALYSIS = YES;
				CLANG_WARN_STRICT_PROTOTYPES = YES;
				CLANG_WARN_SUSPICIOUS_MOVE = YES;
				CLANG_WARN_UNGUARDED_AVAILABILITY = YES_AGGRESSIVE;
				CLANG_WARN_UNREACHABLE_CODE = YES;
				CLANG_WARN__DUPLICATE_METHOD_MATCH = YES;
				COPY_PHASE_STRIP = NO;
				DEBUG_INFORMATION_FORMAT = dwarf;
				ENABLE_STRICT_OBJC_MSGSEND = YES;
				ENABLE_TESTABILITY = YES;
				GCC_C_LANGUAGE_STANDARD = gnu11;
				GCC_DYNAMIC_NO_PIC = NO;
				GCC_NO_COMMON_BLOCKS = YES;
				GCC_OPTIMIZATION_LEVEL = 0;
				GCC_PREPROCESSOR_DEFINITIONS = (
					"DEBUG=1",
					"$(inherited)",
				);
				GCC_WARN_64_TO_32_BIT_CONVERSION = YES;
				GCC_WARN_ABOUT_RETURN_TYPE = YES_ERROR;
				GCC_WARN_UNDECLARED_SELECTOR = YES;
				GCC_WARN_UNINITIALIZED_AUTOS = YES_AGGRESSIVE;
				GCC_WARN_UNUSED_FUNCTION = YES;
				GCC_WARN_UNUSED_VARIABLE = YES;
				MTL_ENABLE_DEBUG_INFO = INCLUDE_SOURCE;
				MTL_FAST_MATH = YES;
				ONLY_ACTIVE_ARCH = YES;
				SWIFT_ACTIVE_COMPILATION_CONDITIONS = DEBUG;
				SWIFT_OPTIMIZATION_LEVEL = "-Onone";
			};
			name = Debug;
		};
		53C19DF326001D0200E6656C /* Release */ = {
			isa = XCBuildConfiguration;
			buildSettings = {
				ALWAYS_SEARCH_USER_PATHS = NO;
				CLANG_ANALYZER_NONNULL = YES;
				CLANG_ANALYZER_NUMBER_OBJECT_CONVERSION = YES_AGGRESSIVE;
				CLANG_CXX_LANGUAGE_STANDARD = "gnu++14";
				CLANG_CXX_LIBRARY = "libc++";
				CLANG_ENABLE_MODULES = YES;
				CLANG_ENABLE_OBJC_ARC = YES;
				CLANG_ENABLE_OBJC_WEAK = YES;
				CLANG_WARN_BLOCK_CAPTURE_AUTORELEASING = YES;
				CLANG_WARN_BOOL_CONVERSION = YES;
				CLANG_WARN_COMMA = YES;
				CLANG_WARN_CONSTANT_CONVERSION = YES;
				CLANG_WARN_DEPRECATED_OBJC_IMPLEMENTATIONS = YES;
				CLANG_WARN_DIRECT_OBJC_ISA_USAGE = YES_ERROR;
				CLANG_WARN_DOCUMENTATION_COMMENTS = YES;
				CLANG_WARN_EMPTY_BODY = YES;
				CLANG_WARN_ENUM_CONVERSION = YES;
				CLANG_WARN_INFINITE_RECURSION = YES;
				CLANG_WARN_INT_CONVERSION = YES;
				CLANG_WARN_NON_LITERAL_NULL_CONVERSION = YES;
				CLANG_WARN_OBJC_IMPLICIT_RETAIN_SELF = YES;
				CLANG_WARN_OBJC_LITERAL_CONVERSION = YES;
				CLANG_WARN_OBJC_ROOT_CLASS = YES_ERROR;
				CLANG_WARN_QUOTED_INCLUDE_IN_FRAMEWORK_HEADER = YES;
				CLANG_WARN_RANGE_LOOP_ANALYSIS = YES;
				CLANG_WARN_STRICT_PROTOTYPES = YES;
				CLANG_WARN_SUSPICIOUS_MOVE = YES;
				CLANG_WARN_UNGUARDED_AVAILABILITY = YES_AGGRESSIVE;
				CLANG_WARN_UNREACHABLE_CODE = YES;
				CLANG_WARN__DUPLICATE_METHOD_MATCH = YES;
				COPY_PHASE_STRIP = NO;
				DEBUG_INFORMATION_FORMAT = "dwarf-with-dsym";
				ENABLE_NS_ASSERTIONS = NO;
				ENABLE_STRICT_OBJC_MSGSEND = YES;
				GCC_C_LANGUAGE_STANDARD = gnu11;
				GCC_NO_COMMON_BLOCKS = YES;
				GCC_WARN_64_TO_32_BIT_CONVERSION = YES;
				GCC_WARN_ABOUT_RETURN_TYPE = YES_ERROR;
				GCC_WARN_UNDECLARED_SELECTOR = YES;
				GCC_WARN_UNINITIALIZED_AUTOS = YES_AGGRESSIVE;
				GCC_WARN_UNUSED_FUNCTION = YES;
				GCC_WARN_UNUSED_VARIABLE = YES;
				MTL_ENABLE_DEBUG_INFO = NO;
				MTL_FAST_MATH = YES;
				SWIFT_COMPILATION_MODE = wholemodule;
				SWIFT_OPTIMIZATION_LEVEL = "-O";
			};
			name = Release;
		};
		53C19DF526001D0200E6656C /* Debug */ = {
			isa = XCBuildConfiguration;
			buildSettings = {
				ASSETCATALOG_COMPILER_APPICON_NAME = AppIcon;
				ASSETCATALOG_COMPILER_GLOBAL_ACCENT_COLOR_NAME = AccentColor;
				CODE_SIGN_STYLE = Automatic;
				ENABLE_PREVIEWS = YES;
				INFOPLIST_FILE = iOS/Info.plist;
				IPHONEOS_DEPLOYMENT_TARGET = 14.0;
				LD_RUNPATH_SEARCH_PATHS = (
					"$(inherited)",
					"@executable_path/Frameworks",
				);
				PRODUCT_BUNDLE_IDENTIFIER = BrightAnchor.Moonshot;
				PRODUCT_NAME = Moonshot;
				SDKROOT = iphoneos;
				SWIFT_VERSION = 5.0;
				TARGETED_DEVICE_FAMILY = "1,2";
			};
			name = Debug;
		};
		53C19DF626001D0200E6656C /* Release */ = {
			isa = XCBuildConfiguration;
			buildSettings = {
				ASSETCATALOG_COMPILER_APPICON_NAME = AppIcon;
				ASSETCATALOG_COMPILER_GLOBAL_ACCENT_COLOR_NAME = AccentColor;
				CODE_SIGN_STYLE = Automatic;
				ENABLE_PREVIEWS = YES;
				INFOPLIST_FILE = iOS/Info.plist;
				IPHONEOS_DEPLOYMENT_TARGET = 14.0;
				LD_RUNPATH_SEARCH_PATHS = (
					"$(inherited)",
					"@executable_path/Frameworks",
				);
				PRODUCT_BUNDLE_IDENTIFIER = BrightAnchor.Moonshot;
				PRODUCT_NAME = Moonshot;
				SDKROOT = iphoneos;
				SWIFT_VERSION = 5.0;
				TARGETED_DEVICE_FAMILY = "1,2";
				VALIDATE_PRODUCT = YES;
			};
			name = Release;
		};
		53C19DF826001D0200E6656C /* Debug */ = {
			isa = XCBuildConfiguration;
			buildSettings = {
				ASSETCATALOG_COMPILER_APPICON_NAME = AppIcon;
				ASSETCATALOG_COMPILER_GLOBAL_ACCENT_COLOR_NAME = AccentColor;
				CODE_SIGN_ENTITLEMENTS = macOS/macOS.entitlements;
				CODE_SIGN_STYLE = Automatic;
				COMBINE_HIDPI_IMAGES = YES;
				ENABLE_PREVIEWS = YES;
				INFOPLIST_FILE = macOS/Info.plist;
				LD_RUNPATH_SEARCH_PATHS = (
					"$(inherited)",
					"@executable_path/../Frameworks",
				);
				MACOSX_DEPLOYMENT_TARGET = 11.0;
				PRODUCT_BUNDLE_IDENTIFIER = BrightAnchor.Moonshot;
				PRODUCT_NAME = Moonshot;
				SDKROOT = macosx;
				SWIFT_VERSION = 5.0;
			};
			name = Debug;
		};
		53C19DF926001D0200E6656C /* Release */ = {
			isa = XCBuildConfiguration;
			buildSettings = {
				ASSETCATALOG_COMPILER_APPICON_NAME = AppIcon;
				ASSETCATALOG_COMPILER_GLOBAL_ACCENT_COLOR_NAME = AccentColor;
				CODE_SIGN_ENTITLEMENTS = macOS/macOS.entitlements;
				CODE_SIGN_STYLE = Automatic;
				COMBINE_HIDPI_IMAGES = YES;
				ENABLE_PREVIEWS = YES;
				INFOPLIST_FILE = macOS/Info.plist;
				LD_RUNPATH_SEARCH_PATHS = (
					"$(inherited)",
					"@executable_path/../Frameworks",
				);
				MACOSX_DEPLOYMENT_TARGET = 11.0;
				PRODUCT_BUNDLE_IDENTIFIER = BrightAnchor.Moonshot;
				PRODUCT_NAME = Moonshot;
				SDKROOT = macosx;
				SWIFT_VERSION = 5.0;
			};
			name = Release;
		};
/* End XCBuildConfiguration section */

/* Begin XCConfigurationList section */
		53C19DD726001D0100E6656C /* Build configuration list for PBXProject "Moonshot" */ = {
			isa = XCConfigurationList;
			buildConfigurations = (
				53C19DF226001D0200E6656C /* Debug */,
				53C19DF326001D0200E6656C /* Release */,
			);
			defaultConfigurationIsVisible = 0;
			defaultConfigurationName = Release;
		};
		53C19DF426001D0200E6656C /* Build configuration list for PBXNativeTarget "Moonshot (iOS)" */ = {
			isa = XCConfigurationList;
			buildConfigurations = (
				53C19DF526001D0200E6656C /* Debug */,
				53C19DF626001D0200E6656C /* Release */,
			);
			defaultConfigurationIsVisible = 0;
			defaultConfigurationName = Release;
		};
		53C19DF726001D0200E6656C /* Build configuration list for PBXNativeTarget "Moonshot (macOS)" */ = {
			isa = XCConfigurationList;
			buildConfigurations = (
				53C19DF826001D0200E6656C /* Debug */,
				53C19DF926001D0200E6656C /* Release */,
			);
			defaultConfigurationIsVisible = 0;
			defaultConfigurationName = Release;
		};
/* End XCConfigurationList section */
	};
	rootObject = 53C19DD426001D0100E6656C /* Project object */;
}
